
Microsoft Visual Studio Solution File, Format Version 12.00
# Visual Studio Version 17
VisualStudioVersion = 17.14.36623.8 d17.14
MinimumVisualStudioVersion = 10.0.40219.1
Project("{FAE04EC0-301F-11D3-BF4B-00C04F79EFBC}") = "1", "1\1.csproj", "{7C6DF500-A1E6-44CA-A159-FA402E1658DC}"
EndProject
Global
	GlobalSection(SolutionConfigurationPlatforms) = preSolution
		Debug|Any CPU = Debug|Any CPU
		Release|Any CPU = Release|Any CPU
	EndGlobalSection
	GlobalSection(ProjectConfigurationPlatforms) = postSolution
		{7C6DF500-A1E6-44CA-A159-FA402E1658DC}.Debug|Any CPU.ActiveCfg = Debug|Any CPU
		{7C6DF500-A1E6-44CA-A159-FA402E1658DC}.Debug|Any CPU.Build.0 = Debug|Any CPU
		{7C6DF500-A1E6-44CA-A159-FA402E1658DC}.Release|Any CPU.ActiveCfg = Release|Any CPU
		{7C6DF500-A1E6-44CA-A159-FA402E1658DC}.Release|Any CPU.Build.0 = Release|Any CPU
	EndGlobalSection
	GlobalSection(SolutionProperties) = preSolution
		HideSolutionNode = FALSE
	EndGlobalSection
	GlobalSection(ExtensibilityGlobals) = postSolution
		SolutionGuid = {4C79B1D6-15EA-4553-A648-85EAA281C96A}
	EndGlobalSection
EndGlobal
